// !$*UTF8*$!
{
	archiveVersion = 1;
	classes = {
	};
	objectVersion = 56;
	objects = {

/* Begin PBXBuildFile section */
		F7A3CF902A08CC0900533CBC /* AppDelegate.swift in Sources */ = {isa = PBXBuildFile; fileRef = F7A3CF8F2A08CC0900533CBC /* AppDelegate.swift */; };
		F7A3CF922A08CC0900533CBC /* SceneDelegate.swift in Sources */ = {isa = PBXBuildFile; fileRef = F7A3CF912A08CC0900533CBC /* SceneDelegate.swift */; };
		F7A3CF942A08CC0900533CBC /* ViewController.swift in Sources */ = {isa = PBXBuildFile; fileRef = F7A3CF932A08CC0900533CBC /* ViewController.swift */; };
		F7A3CF972A08CC0900533CBC /* Main.storyboard in Resources */ = {isa = PBXBuildFile; fileRef = F7A3CF952A08CC0900533CBC /* Main.storyboard */; };
		F7A3CF992A08CC0A00533CBC /* Assets.xcassets in Resources */ = {isa = PBXBuildFile; fileRef = F7A3CF982A08CC0A00533CBC /* Assets.xcassets */; };
		F7A3CF9C2A08CC0A00533CBC /* LaunchScreen.storyboard in Resources */ = {isa = PBXBuildFile; fileRef = F7A3CF9A2A08CC0A00533CBC /* LaunchScreen.storyboard */; };
		F7A3CFA72A08CC0A00533CBC /* FirstEcommerceTests.swift in Sources */ = {isa = PBXBuildFile; fileRef = F7A3CFA62A08CC0A00533CBC /* FirstEcommerceTests.swift */; };
		F7A3CFB12A08CC0A00533CBC /* FirstEcommerceUITests.swift in Sources */ = {isa = PBXBuildFile; fileRef = F7A3CFB02A08CC0A00533CBC /* FirstEcommerceUITests.swift */; };
		F7A3CFB32A08CC0A00533CBC /* FirstEcommerceUITestsLaunchTests.swift in Sources */ = {isa = PBXBuildFile; fileRef = F7A3CFB22A08CC0A00533CBC /* FirstEcommerceUITestsLaunchTests.swift */; };
/* End PBXBuildFile section */

/* Begin PBXContainerItemProxy section */
		F7A3CFA32A08CC0A00533CBC /* PBXContainerItemProxy */ = {
			isa = PBXContainerItemProxy;
			containerPortal = F7A3CF842A08CC0900533CBC /* Project object */;
			proxyType = 1;
			remoteGlobalIDString = F7A3CF8B2A08CC0900533CBC;
			remoteInfo = FirstEcommerce;
		};
		F7A3CFAD2A08CC0A00533CBC /* PBXContainerItemProxy */ = {
			isa = PBXContainerItemProxy;
			containerPortal = F7A3CF842A08CC0900533CBC /* Project object */;
			proxyType = 1;
			remoteGlobalIDString = F7A3CF8B2A08CC0900533CBC;
			remoteInfo = FirstEcommerce;
		};
/* End PBXContainerItemProxy section */

/* Begin PBXFileReference section */
		F7A3CF8C2A08CC0900533CBC /* FirstEcommerce.app */ = {isa = PBXFileReference; explicitFileType = wrapper.application; includeInIndex = 0; path = FirstEcommerce.app; sourceTree = BUILT_PRODUCTS_DIR; };
		F7A3CF8F2A08CC0900533CBC /* AppDelegate.swift */ = {isa = PBXFileReference; lastKnownFileType = sourcecode.swift; path = AppDelegate.swift; sourceTree = "<group>"; };
		F7A3CF912A08CC0900533CBC /* SceneDelegate.swift */ = {isa = PBXFileReference; lastKnownFileType = sourcecode.swift; path = SceneDelegate.swift; sourceTree = "<group>"; };
		F7A3CF932A08CC0900533CBC /* ViewController.swift */ = {isa = PBXFileReference; lastKnownFileType = sourcecode.swift; path = ViewController.swift; sourceTree = "<group>"; };
		F7A3CF962A08CC0900533CBC /* Base */ = {isa = PBXFileReference; lastKnownFileType = file.storyboard; name = Base; path = Base.lproj/Main.storyboard; sourceTree = "<group>"; };
		F7A3CF982A08CC0A00533CBC /* Assets.xcassets */ = {isa = PBXFileReference; lastKnownFileType = folder.assetcatalog; path = Assets.xcassets; sourceTree = "<group>"; };
		F7A3CF9B2A08CC0A00533CBC /* Base */ = {isa = PBXFileReference; lastKnownFileType = file.storyboard; name = Base; path = Base.lproj/LaunchScreen.storyboard; sourceTree = "<group>"; };
		F7A3CF9D2A08CC0A00533CBC /* Info.plist */ = {isa = PBXFileReference; lastKnownFileType = text.plist.xml; path = Info.plist; sourceTree = "<group>"; };
		F7A3CFA22A08CC0A00533CBC /* FirstEcommerceTests.xctest */ = {isa = PBXFileReference; explicitFileType = wrapper.cfbundle; includeInIndex = 0; path = FirstEcommerceTests.xctest; sourceTree = BUILT_PRODUCTS_DIR; };
		F7A3CFA62A08CC0A00533CBC /* FirstEcommerceTests.swift */ = {isa = PBXFileReference; lastKnownFileType = sourcecode.swift; path = FirstEcommerceTests.swift; sourceTree = "<group>"; };
		F7A3CFAC2A08CC0A00533CBC /* FirstEcommerceUITests.xctest */ = {isa = PBXFileReference; explicitFileType = wrapper.cfbundle; includeInIndex = 0; path = FirstEcommerceUITests.xctest; sourceTree = BUILT_PRODUCTS_DIR; };
		F7A3CFB02A08CC0A00533CBC /* FirstEcommerceUITests.swift */ = {isa = PBXFileReference; lastKnownFileType = sourcecode.swift; path = FirstEcommerceUITests.swift; sourceTree = "<group>"; };
		F7A3CFB22A08CC0A00533CBC /* FirstEcommerceUITestsLaunchTests.swift */ = {isa = PBXFileReference; lastKnownFileType = sourcecode.swift; path = FirstEcommerceUITestsLaunchTests.swift; sourceTree = "<group>"; };
/* End PBXFileReference section */

/* Begin PBXFrameworksBuildPhase section */
		F7A3CF892A08CC0900533CBC /* Frameworks */ = {
			isa = PBXFrameworksBuildPhase;
			buildActionMask = 2147483647;
			files = (
			);
			runOnlyForDeploymentPostprocessing = 0;
		};
		F7A3CF9F2A08CC0A00533CBC /* Frameworks */ = {
			isa = PBXFrameworksBuildPhase;
			buildActionMask = 2147483647;
			files = (
			);
			runOnlyForDeploymentPostprocessing = 0;
		};
		F7A3CFA92A08CC0A00533CBC /* Frameworks */ = {
			isa = PBXFrameworksBuildPhase;
			buildActionMask = 2147483647;
			files = (
			);
			runOnlyForDeploymentPostprocessing = 0;
		};
/* End PBXFrameworksBuildPhase section */

/* Begin PBXGroup section */
		F7A3CF832A08CC0900533CBC = {
			isa = PBXGroup;
			children = (
				F7A3CF8E2A08CC0900533CBC /* FirstEcommerce */,
				F7A3CFA52A08CC0A00533CBC /* FirstEcommerceTests */,
				F7A3CFAF2A08CC0A00533CBC /* FirstEcommerceUITests */,
				F7A3CF8D2A08CC0900533CBC /* Products */,
			);
			sourceTree = "<group>";
		};
		F7A3CF8D2A08CC0900533CBC /* Products */ = {
			isa = PBXGroup;
			children = (
				F7A3CF8C2A08CC0900533CBC /* FirstEcommerce.app */,
				F7A3CFA22A08CC0A00533CBC /* FirstEcommerceTests.xctest */,
				F7A3CFAC2A08CC0A00533CBC /* FirstEcommerceUITests.xctest */,
			);
			name = Products;
			sourceTree = "<group>";
		};
		F7A3CF8E2A08CC0900533CBC /* FirstEcommerce */ = {
			isa = PBXGroup;
			children = (
				F7A3CF8F2A08CC0900533CBC /* AppDelegate.swift */,
				F7A3CF912A08CC0900533CBC /* SceneDelegate.swift */,
				F7A3CF932A08CC0900533CBC /* ViewController.swift */,
				F7A3CF952A08CC0900533CBC /* Main.storyboard */,
				F7A3CF982A08CC0A00533CBC /* Assets.xcassets */,
				F7A3CF9A2A08CC0A00533CBC /* LaunchScreen.storyboard */,
				F7A3CF9D2A08CC0A00533CBC /* Info.plist */,
			);
			path = FirstEcommerce;
			sourceTree = "<group>";
		};
		F7A3CFA52A08CC0A00533CBC /* FirstEcommerceTests */ = {
			isa = PBXGroup;
			children = (
				F7A3CFA62A08CC0A00533CBC /* FirstEcommerceTests.swift */,
			);
			path = FirstEcommerceTests;
			sourceTree = "<group>";
		};
		F7A3CFAF2A08CC0A00533CBC /* FirstEcommerceUITests */ = {
			isa = PBXGroup;
			children = (
				F7A3CFB02A08CC0A00533CBC /* FirstEcommerceUITests.swift */,
				F7A3CFB22A08CC0A00533CBC /* FirstEcommerceUITestsLaunchTests.swift */,
			);
			path = FirstEcommerceUITests;
			sourceTree = "<group>";
		};
/* End PBXGroup section */

/* Begin PBXNativeTarget section */
		F7A3CF8B2A08CC0900533CBC /* FirstEcommerce */ = {
			isa = PBXNativeTarget;
			buildConfigurationList = F7A3CFB62A08CC0A00533CBC /* Build configuration list for PBXNativeTarget "FirstEcommerce" */;
			buildPhases = (
				F7A3CF882A08CC0900533CBC /* Sources */,
				F7A3CF892A08CC0900533CBC /* Frameworks */,
				F7A3CF8A2A08CC0900533CBC /* Resources */,
			);
			buildRules = (
			);
			dependencies = (
			);
			name = FirstEcommerce;
			productName = FirstEcommerce;
			productReference = F7A3CF8C2A08CC0900533CBC /* FirstEcommerce.app */;
			productType = "com.apple.product-type.application";
		};
		F7A3CFA12A08CC0A00533CBC /* FirstEcommerceTests */ = {
			isa = PBXNativeTarget;
			buildConfigurationList = F7A3CFB92A08CC0A00533CBC /* Build configuration list for PBXNativeTarget "FirstEcommerceTests" */;
			buildPhases = (
				F7A3CF9E2A08CC0A00533CBC /* Sources */,
				F7A3CF9F2A08CC0A00533CBC /* Frameworks */,
				F7A3CFA02A08CC0A00533CBC /* Resources */,
			);
			buildRules = (
			);
			dependencies = (
				F7A3CFA42A08CC0A00533CBC /* PBXTargetDependency */,
			);
			name = FirstEcommerceTests;
			productName = FirstEcommerceTests;
			productReference = F7A3CFA22A08CC0A00533CBC /* FirstEcommerceTests.xctest */;
			productType = "com.apple.product-type.bundle.unit-test";
		};
		F7A3CFAB2A08CC0A00533CBC /* FirstEcommerceUITests */ = {
			isa = PBXNativeTarget;
			buildConfigurationList = F7A3CFBC2A08CC0A00533CBC /* Build configuration list for PBXNativeTarget "FirstEcommerceUITests" */;
			buildPhases = (
				F7A3CFA82A08CC0A00533CBC /* Sources */,
				F7A3CFA92A08CC0A00533CBC /* Frameworks */,
				F7A3CFAA2A08CC0A00533CBC /* Resources */,
			);
			buildRules = (
			);
			dependencies = (
				F7A3CFAE2A08CC0A00533CBC /* PBXTargetDependency */,
			);
			name = FirstEcommerceUITests;
			productName = FirstEcommerceUITests;
			productReference = F7A3CFAC2A08CC0A00533CBC /* FirstEcommerceUITests.xctest */;
			productType = "com.apple.product-type.bundle.ui-testing";
		};
/* End PBXNativeTarget section */

/* Begin PBXProject section */
		F7A3CF842A08CC0900533CBC /* Project object */ = {
			isa = PBXProject;
			attributes = {
				BuildIndependentTargetsInParallel = 1;
				LastSwiftUpdateCheck = 1430;
				LastUpgradeCheck = 1430;
				TargetAttributes = {
					F7A3CF8B2A08CC0900533CBC = {
						CreatedOnToolsVersion = 14.3;
					};
					F7A3CFA12A08CC0A00533CBC = {
						CreatedOnToolsVersion = 14.3;
						TestTargetID = F7A3CF8B2A08CC0900533CBC;
					};
					F7A3CFAB2A08CC0A00533CBC = {
						CreatedOnToolsVersion = 14.3;
						TestTargetID = F7A3CF8B2A08CC0900533CBC;
					};
				};
			};
			buildConfigurationList = F7A3CF872A08CC0900533CBC /* Build configuration list for PBXProject "FirstEcommerce" */;
			compatibilityVersion = "Xcode 14.0";
			developmentRegion = en;
			hasScannedForEncodings = 0;
			knownRegions = (
				en,
				Base,
			);
			mainGroup = F7A3CF832A08CC0900533CBC;
			productRefGroup = F7A3CF8D2A08CC0900533CBC /* Products */;
			projectDirPath = "";
			projectRoot = "";
			targets = (
				F7A3CF8B2A08CC0900533CBC /* FirstEcommerce */,
				F7A3CFA12A08CC0A00533CBC /* FirstEcommerceTests */,
				F7A3CFAB2A08CC0A00533CBC /* FirstEcommerceUITests */,
			);
		};
/* End PBXProject section */

/* Begin PBXResourcesBuildPhase section */
		F7A3CF8A2A08CC0900533CBC /* Resources */ = {
			isa = PBXResourcesBuildPhase;
			buildActionMask = 2147483647;
			files = (
				F7A3CF9C2A08CC0A00533CBC /* LaunchScreen.storyboard in Resources */,
				F7A3CF992A08CC0A00533CBC /* Assets.xcassets in Resources */,
				F7A3CF972A08CC0900533CBC /* Main.storyboard in Resources */,
			);
			runOnlyForDeploymentPostprocessing = 0;
		};
		F7A3CFA02A08CC0A00533CBC /* Resources */ = {
			isa = PBXResourcesBuildPhase;
			buildActionMask = 2147483647;
			files = (
			);
			runOnlyForDeploymentPostprocessing = 0;
		};
		F7A3CFAA2A08CC0A00533CBC /* Resources */ = {
			isa = PBXResourcesBuildPhase;
			buildActionMask = 2147483647;
			files = (
			);
			runOnlyForDeploymentPostprocessing = 0;
		};
/* End PBXResourcesBuildPhase section */

/* Begin PBXSourcesBuildPhase section */
		F7A3CF882A08CC0900533CBC /* Sources */ = {
			isa = PBXSourcesBuildPhase;
			buildActionMask = 2147483647;
			files = (
				F7A3CF942A08CC0900533CBC /* ViewController.swift in Sources */,
				F7A3CF902A08CC0900533CBC /* AppDelegate.swift in Sources */,
				F7A3CF922A08CC0900533CBC /* SceneDelegate.swift in Sources */,
			);
			runOnlyForDeploymentPostprocessing = 0;
		};
		F7A3CF9E2A08CC0A00533CBC /* Sources */ = {
			isa = PBXSourcesBuildPhase;
			buildActionMask = 2147483647;
			files = (
				F7A3CFA72A08CC0A00533CBC /* FirstEcommerceTests.swift in Sources */,
			);
			runOnlyForDeploymentPostprocessing = 0;
		};
		F7A3CFA82A08CC0A00533CBC /* Sources */ = {
			isa = PBXSourcesBuildPhase;
			buildActionMask = 2147483647;
			files = (
				F7A3CFB32A08CC0A00533CBC /* FirstEcommerceUITestsLaunchTests.swift in Sources */,
				F7A3CFB12A08CC0A00533CBC /* FirstEcommerceUITests.swift in Sources */,
			);
			runOnlyForDeploymentPostprocessing = 0;
		};
/* End PBXSourcesBuildPhase section */

/* Begin PBXTargetDependency section */
		F7A3CFA42A08CC0A00533CBC /* PBXTargetDependency */ = {
			isa = PBXTargetDependency;
			target = F7A3CF8B2A08CC0900533CBC /* FirstEcommerce */;
			targetProxy = F7A3CFA32A08CC0A00533CBC /* PBXContainerItemProxy */;
		};
		F7A3CFAE2A08CC0A00533CBC /* PBXTargetDependency */ = {
			isa = PBXTargetDependency;
			target = F7A3CF8B2A08CC0900533CBC /* FirstEcommerce */;
			targetProxy = F7A3CFAD2A08CC0A00533CBC /* PBXContainerItemProxy */;
		};
/* End PBXTargetDependency section */

/* Begin PBXVariantGroup section */
		F7A3CF952A08CC0900533CBC /* Main.storyboard */ = {
			isa = PBXVariantGroup;
			children = (
				F7A3CF962A08CC0900533CBC /* Base */,
			);
			name = Main.storyboard;
			sourceTree = "<group>";
		};
		F7A3CF9A2A08CC0A00533CBC /* LaunchScreen.storyboard */ = {
			isa = PBXVariantGroup;
			children = (
				F7A3CF9B2A08CC0A00533CBC /* Base */,
			);
			name = LaunchScreen.storyboard;
			sourceTree = "<group>";
		};
/* End PBXVariantGroup section */

/* Begin XCBuildConfiguration section */
		F7A3CFB42A08CC0A00533CBC /* Debug */ = {
			isa = XCBuildConfiguration;
			buildSettings = {
				ALWAYS_SEARCH_USER_PATHS = NO;
				CLANG_ANALYZER_NONNULL = YES;
				CLANG_ANALYZER_NUMBER_OBJECT_CONVERSION = YES_AGGRESSIVE;
				CLANG_CXX_LANGUAGE_STANDARD = "gnu++20";
				CLANG_ENABLE_MODULES = YES;
				CLANG_ENABLE_OBJC_ARC = YES;
				CLANG_ENABLE_OBJC_WEAK = YES;
				CLANG_WARN_BLOCK_CAPTURE_AUTORELEASING = YES;
				CLANG_WARN_BOOL_CONVERSION = YES;
				CLANG_WARN_COMMA = YES;
				CLANG_WARN_CONSTANT_CONVERSION = YES;
				CLANG_WARN_DEPRECATED_OBJC_IMPLEMENTATIONS = YES;
				CLANG_WARN_DIRECT_OBJC_ISA_USAGE = YES_ERROR;
				CLANG_WARN_DOCUMENTATION_COMMENTS = YES;
				CLANG_WARN_EMPTY_BODY = YES;
				CLANG_WARN_ENUM_CONVERSION = YES;
				CLANG_WARN_INFINITE_RECURSION = YES;
				CLANG_WARN_INT_CONVERSION = YES;
				CLANG_WARN_NON_LITERAL_NULL_CONVERSION = YES;
				CLANG_WARN_OBJC_IMPLICIT_RETAIN_SELF = YES;
				CLANG_WARN_OBJC_LITERAL_CONVERSION = YES;
				CLANG_WARN_OBJC_ROOT_CLASS = YES_ERROR;
				CLANG_WARN_QUOTED_INCLUDE_IN_FRAMEWORK_HEADER = YES;
				CLANG_WARN_RANGE_LOOP_ANALYSIS = YES;
				CLANG_WARN_STRICT_PROTOTYPES = YES;
				CLANG_WARN_SUSPICIOUS_MOVE = YES;
				CLANG_WARN_UNGUARDED_AVAILABILITY = YES_AGGRESSIVE;
				CLANG_WARN_UNREACHABLE_CODE = YES;
				CLANG_WARN__DUPLICATE_METHOD_MATCH = YES;
				COPY_PHASE_STRIP = NO;
				DEBUG_INFORMATION_FORMAT = dwarf;
				ENABLE_STRICT_OBJC_MSGSEND = YES;
				ENABLE_TESTABILITY = YES;
				GCC_C_LANGUAGE_STANDARD = gnu11;
				GCC_DYNAMIC_NO_PIC = NO;
				GCC_NO_COMMON_BLOCKS = YES;
				GCC_OPTIMIZATION_LEVEL = 0;
				GCC_PREPROCESSOR_DEFINITIONS = (
					"DEBUG=1",
					"$(inherited)",
				);
				GCC_WARN_64_TO_32_BIT_CONVERSION = YES;
				GCC_WARN_ABOUT_RETURN_TYPE = YES_ERROR;
				GCC_WARN_UNDECLARED_SELECTOR = YES;
				GCC_WARN_UNINITIALIZED_AUTOS = YES_AGGRESSIVE;
				GCC_WARN_UNUSED_FUNCTION = YES;
				GCC_WARN_UNUSED_VARIABLE = YES;
				IPHONEOS_DEPLOYMENT_TARGET = 16.4;
				MTL_ENABLE_DEBUG_INFO = INCLUDE_SOURCE;
				MTL_FAST_MATH = YES;
				ONLY_ACTIVE_ARCH = YES;
				SDKROOT = iphoneos;
				SWIFT_ACTIVE_COMPILATION_CONDITIONS = DEBUG;
				SWIFT_OPTIMIZATION_LEVEL = "-Onone";
			};
			name = Debug;
		};
		F7A3CFB52A08CC0A00533CBC /* Release */ = {
			isa = XCBuildConfiguration;
			buildSettings = {
				ALWAYS_SEARCH_USER_PATHS = NO;
				CLANG_ANALYZER_NONNULL = YES;
				CLANG_ANALYZER_NUMBER_OBJECT_CONVERSION = YES_AGGRESSIVE;
				CLANG_CXX_LANGUAGE_STANDARD = "gnu++20";
				CLANG_ENABLE_MODULES = YES;
				CLANG_ENABLE_OBJC_ARC = YES;
				CLANG_ENABLE_OBJC_WEAK = YES;
				CLANG_WARN_BLOCK_CAPTURE_AUTORELEASING = YES;
				CLANG_WARN_BOOL_CONVERSION = YES;
				CLANG_WARN_COMMA = YES;
				CLANG_WARN_CONSTANT_CONVERSION = YES;
				CLANG_WARN_DEPRECATED_OBJC_IMPLEMENTATIONS = YES;
				CLANG_WARN_DIRECT_OBJC_ISA_USAGE = YES_ERROR;
				CLANG_WARN_DOCUMENTATION_COMMENTS = YES;
				CLANG_WARN_EMPTY_BODY = YES;
				CLANG_WARN_ENUM_CONVERSION = YES;
				CLANG_WARN_INFINITE_RECURSION = YES;
				CLANG_WARN_INT_CONVERSION = YES;
				CLANG_WARN_NON_LITERAL_NULL_CONVERSION = YES;
				CLANG_WARN_OBJC_IMPLICIT_RETAIN_SELF = YES;
				CLANG_WARN_OBJC_LITERAL_CONVERSION = YES;
				CLANG_WARN_OBJC_ROOT_CLASS = YES_ERROR;
				CLANG_WARN_QUOTED_INCLUDE_IN_FRAMEWORK_HEADER = YES;
				CLANG_WARN_RANGE_LOOP_ANALYSIS = YES;
				CLANG_WARN_STRICT_PROTOTYPES = YES;
				CLANG_WARN_SUSPICIOUS_MOVE = YES;
				CLANG_WARN_UNGUARDED_AVAILABILITY = YES_AGGRESSIVE;
				CLANG_WARN_UNREACHABLE_CODE = YES;
				CLANG_WARN__DUPLICATE_METHOD_MATCH = YES;
				COPY_PHASE_STRIP = NO;
				DEBUG_INFORMATION_FORMAT = "dwarf-with-dsym";
				ENABLE_NS_ASSERTIONS = NO;
				ENABLE_STRICT_OBJC_MSGSEND = YES;
				GCC_C_LANGUAGE_STANDARD = gnu11;
				GCC_NO_COMMON_BLOCKS = YES;
				GCC_WARN_64_TO_32_BIT_CONVERSION = YES;
				GCC_WARN_ABOUT_RETURN_TYPE = YES_ERROR;
				GCC_WARN_UNDECLARED_SELECTOR = YES;
				GCC_WARN_UNINITIALIZED_AUTOS = YES_AGGRESSIVE;
				GCC_WARN_UNUSED_FUNCTION = YES;
				GCC_WARN_UNUSED_VARIABLE = YES;
				IPHONEOS_DEPLOYMENT_TARGET = 16.4;
				MTL_ENABLE_DEBUG_INFO = NO;
				MTL_FAST_MATH = YES;
				SDKROOT = iphoneos;
				SWIFT_COMPILATION_MODE = wholemodule;
				SWIFT_OPTIMIZATION_LEVEL = "-O";
				VALIDATE_PRODUCT = YES;
			};
			name = Release;
		};
		F7A3CFB72A08CC0A00533CBC /* Debug */ = {
			isa = XCBuildConfiguration;
			buildSettings = {
				ASSETCATALOG_COMPILER_APPICON_NAME = AppIcon;
				ASSETCATALOG_COMPILER_GLOBAL_ACCENT_COLOR_NAME = AccentColor;
				CODE_SIGN_STYLE = Automatic;
				CURRENT_PROJECT_VERSION = 1;
				GENERATE_INFOPLIST_FILE = YES;
				INFOPLIST_FILE = FirstEcommerce/Info.plist;
				INFOPLIST_KEY_UIApplicationSupportsIndirectInputEvents = YES;
				INFOPLIST_KEY_UILaunchStoryboardName = LaunchScreen;
				INFOPLIST_KEY_UIMainStoryboardFile = Main;
				INFOPLIST_KEY_UISupportedInterfaceOrientations_iPad = "UIInterfaceOrientationPortrait UIInterfaceOrientationPortraitUpsideDown UIInterfaceOrientationLandscapeLeft UIInterfaceOrientationLandscapeRight";
				INFOPLIST_KEY_UISupportedInterfaceOrientations_iPhone = "UIInterfaceOrientationPortrait UIInterfaceOrientationLandscapeLeft UIInterfaceOrientationLandscapeRight";
				LD_RUNPATH_SEARCH_PATHS = (
					"$(inherited)",
					"@executable_path/Frameworks",
				);
				MARKETING_VERSION = 1.0;
				PRODUCT_BUNDLE_IDENTIFIER = com.bs.FirstEcommerce;
				PRODUCT_NAME = "$(TARGET_NAME)";
				SWIFT_EMIT_LOC_STRINGS = YES;
				SWIFT_VERSION = 5.0;
				TARGETED_DEVICE_FAMILY = "1,2";
			};
			name = Debug;
		};
		F7A3CFB82A08CC0A00533CBC /* Release */ = {
			isa = XCBuildConfiguration;
			buildSettings = {
				ASSETCATALOG_COMPILER_APPICON_NAME = AppIcon;
				ASSETCATALOG_COMPILER_GLOBAL_ACCENT_COLOR_NAME = AccentColor;
				CODE_SIGN_STYLE = Automatic;
				CURRENT_PROJECT_VERSION = 1;
				GENERATE_INFOPLIST_FILE = YES;
				INFOPLIST_FILE = FirstEcommerce/Info.plist;
				INFOPLIST_KEY_UIApplicationSupportsIndirectInputEvents = YES;
				INFOPLIST_KEY_UILaunchStoryboardName = LaunchScreen;
				INFOPLIST_KEY_UIMainStoryboardFile = Main;
				INFOPLIST_KEY_UISupportedInterfaceOrientations_iPad = "UIInterfaceOrientationPortrait UIInterfaceOrientationPortraitUpsideDown UIInterfaceOrientationLandscapeLeft UIInterfaceOrientationLandscapeRight";
				INFOPLIST_KEY_UISupportedInterfaceOrientations_iPhone = "UIInterfaceOrientationPortrait UIInterfaceOrientationLandscapeLeft UIInterfaceOrientationLandscapeRight";
				LD_RUNPATH_SEARCH_PATHS = (
					"$(inherited)",
					"@executable_path/Frameworks",
				);
				MARKETING_VERSION = 1.0;
				PRODUCT_BUNDLE_IDENTIFIER = com.bs.FirstEcommerce;
				PRODUCT_NAME = "$(TARGET_NAME)";
				SWIFT_EMIT_LOC_STRINGS = YES;
				SWIFT_VERSION = 5.0;
				TARGETED_DEVICE_FAMILY = "1,2";
			};
			name = Release;
		};
		F7A3CFBA2A08CC0A00533CBC /* Debug */ = {
			isa = XCBuildConfiguration;
			buildSettings = {
				ALWAYS_EMBED_SWIFT_STANDARD_LIBRARIES = YES;
				BUNDLE_LOADER = "$(TEST_HOST)";
				CODE_SIGN_STYLE = Automatic;
				CURRENT_PROJECT_VERSION = 1;
				GENERATE_INFOPLIST_FILE = YES;
				IPHONEOS_DEPLOYMENT_TARGET = 16.4;
				MARKETING_VERSION = 1.0;
				PRODUCT_BUNDLE_IDENTIFIER = com.bs.FirstEcommerceTests;
				PRODUCT_NAME = "$(TARGET_NAME)";
				SWIFT_EMIT_LOC_STRINGS = NO;
				SWIFT_VERSION = 5.0;
				TARGETED_DEVICE_FAMILY = "1,2";
				TEST_HOST = "$(BUILT_PRODUCTS_DIR)/FirstEcommerce.app/$(BUNDLE_EXECUTABLE_FOLDER_PATH)/FirstEcommerce";
			};
			name = Debug;
		};
		F7A3CFBB2A08CC0A00533CBC /* Release */ = {
			isa = XCBuildConfiguration;
			buildSettings = {
				ALWAYS_EMBED_SWIFT_STANDARD_LIBRARIES = YES;
				BUNDLE_LOADER = "$(TEST_HOST)";
				CODE_SIGN_STYLE = Automatic;
				CURRENT_PROJECT_VERSION = 1;
				GENERATE_INFOPLIST_FILE = YES;
				IPHONEOS_DEPLOYMENT_TARGET = 16.4;
				MARKETING_VERSION = 1.0;
				PRODUCT_BUNDLE_IDENTIFIER = com.bs.FirstEcommerceTests;
				PRODUCT_NAME = "$(TARGET_NAME)";
				SWIFT_EMIT_LOC_STRINGS = NO;
				SWIFT_VERSION = 5.0;
				TARGETED_DEVICE_FAMILY = "1,2";
				TEST_HOST = "$(BUILT_PRODUCTS_DIR)/FirstEcommerce.app/$(BUNDLE_EXECUTABLE_FOLDER_PATH)/FirstEcommerce";
			};
			name = Release;
		};
		F7A3CFBD2A08CC0A00533CBC /* Debug */ = {
			isa = XCBuildConfiguration;
			buildSettings = {
				ALWAYS_EMBED_SWIFT_STANDARD_LIBRARIES = YES;
				CODE_SIGN_STYLE = Automatic;
				CURRENT_PROJECT_VERSION = 1;
				GENERATE_INFOPLIST_FILE = YES;
				MARKETING_VERSION = 1.0;
				PRODUCT_BUNDLE_IDENTIFIER = com.bs.FirstEcommerceUITests;
				PRODUCT_NAME = "$(TARGET_NAME)";
				SWIFT_EMIT_LOC_STRINGS = NO;
				SWIFT_VERSION = 5.0;
				TARGETED_DEVICE_FAMILY = "1,2";
				TEST_TARGET_NAME = FirstEcommerce;
			};
			name = Debug;
		};
		F7A3CFBE2A08CC0A00533CBC /* Release */ = {
			isa = XCBuildConfiguration;
			buildSettings = {
				ALWAYS_EMBED_SWIFT_STANDARD_LIBRARIES = YES;
				CODE_SIGN_STYLE = Automatic;
				CURRENT_PROJECT_VERSION = 1;
				GENERATE_INFOPLIST_FILE = YES;
				MARKETING_VERSION = 1.0;
				PRODUCT_BUNDLE_IDENTIFIER = com.bs.FirstEcommerceUITests;
				PRODUCT_NAME = "$(TARGET_NAME)";
				SWIFT_EMIT_LOC_STRINGS = NO;
				SWIFT_VERSION = 5.0;
				TARGETED_DEVICE_FAMILY = "1,2";
				TEST_TARGET_NAME = FirstEcommerce;
			};
			name = Release;
		};
/* End XCBuildConfiguration section */

/* Begin XCConfigurationList section */
		F7A3CF872A08CC0900533CBC /* Build configuration list for PBXProject "FirstEcommerce" */ = {
			isa = XCConfigurationList;
			buildConfigurations = (
				F7A3CFB42A08CC0A00533CBC /* Debug */,
				F7A3CFB52A08CC0A00533CBC /* Release */,
			);
			defaultConfigurationIsVisible = 0;
			defaultConfigurationName = Release;
		};
		F7A3CFB62A08CC0A00533CBC /* Build configuration list for PBXNativeTarget "FirstEcommerce" */ = {
			isa = XCConfigurationList;
			buildConfigurations = (
				F7A3CFB72A08CC0A00533CBC /* Debug */,
				F7A3CFB82A08CC0A00533CBC /* Release */,
			);
			defaultConfigurationIsVisible = 0;
			defaultConfigurationName = Release;
		};
		F7A3CFB92A08CC0A00533CBC /* Build configuration list for PBXNativeTarget "FirstEcommerceTests" */ = {
			isa = XCConfigurationList;
			buildConfigurations = (
				F7A3CFBA2A08CC0A00533CBC /* Debug */,
				F7A3CFBB2A08CC0A00533CBC /* Release */,
			);
			defaultConfigurationIsVisible = 0;
			defaultConfigurationName = Release;
		};
		F7A3CFBC2A08CC0A00533CBC /* Build configuration list for PBXNativeTarget "FirstEcommerceUITests" */ = {
			isa = XCConfigurationList;
			buildConfigurations = (
				F7A3CFBD2A08CC0A00533CBC /* Debug */,
				F7A3CFBE2A08CC0A00533CBC /* Release */,
			);
			defaultConfigurationIsVisible = 0;
			defaultConfigurationName = Release;
		};
/* End XCConfigurationList section */
	};
	rootObject = F7A3CF842A08CC0900533CBC /* Project object */;
}
